
Microsoft Visual Studio Solution File, Format Version 12.00
# Visual Studio Version 16
VisualStudioVersion = 16.0.31129.286
MinimumVisualStudioVersion = 10.0.40219.1
Project("{FAE04EC0-301F-11D3-BF4B-00C04F79EFBC}") = "SnakeAI", "SnakeAI.csproj", "{ADF040C7-F836-41CC-9294-861D4E496937}"
EndProject
Global
	GlobalSection(SolutionConfigurationPlatforms) = preSolution
		Debug|Any CPU = Debug|Any CPU
		Release|Any CPU = Release|Any CPU
	EndGlobalSection
	GlobalSection(ProjectConfigurationPlatforms) = postSolution
		{ADF040C7-F836-41CC-9294-861D4E496937}.Debug|Any CPU.ActiveCfg = Debug|Any CPU
		{ADF040C7-F836-41CC-9294-861D4E496937}.Debug|Any CPU.Build.0 = Debug|Any CPU
		{ADF040C7-F836-41CC-9294-861D4E496937}.Release|Any CPU.ActiveCfg = Release|Any CPU
		{ADF040C7-F836-41CC-9294-861D4E496937}.Release|Any CPU.Build.0 = Release|Any CPU
	EndGlobalSection
	GlobalSection(SolutionProperties) = preSolution
		HideSolutionNode = FALSE
	EndGlobalSection
	GlobalSection(ExtensibilityGlobals) = postSolution
		SolutionGuid = {6B505793-8341-4FD7-9F9A-D23F6BE8DD80}
	EndGlobalSection
EndGlobal
